
Microsoft Visual Studio Solution File, Format Version 12.00
# Visual Studio Version 17
VisualStudioVersion = 17.9.34902.65
MinimumVisualStudioVersion = 10.0.40219.1
Project("{FAE04EC0-301F-11D3-BF4B-00C04F79EFBC}") = "BLOC3", "BLOC3.csproj", "{ECD42468-93A3-4648-B628-1C0C7BB6D1AF}"
EndProject
Global
	GlobalSection(SolutionConfigurationPlatforms) = preSolution
		Debug|Any CPU = Debug|Any CPU
		Release|Any CPU = Release|Any CPU
	EndGlobalSection
	GlobalSection(ProjectConfigurationPlatforms) = postSolution
		{ECD42468-93A3-4648-B628-1C0C7BB6D1AF}.Debug|Any CPU.ActiveCfg = Debug|Any CPU
		{ECD42468-93A3-4648-B628-1C0C7BB6D1AF}.Debug|Any CPU.Build.0 = Debug|Any CPU
		{ECD42468-93A3-4648-B628-1C0C7BB6D1AF}.Release|Any CPU.ActiveCfg = Release|Any CPU
		{ECD42468-93A3-4648-B628-1C0C7BB6D1AF}.Release|Any CPU.Build.0 = Release|Any CPU
	EndGlobalSection
	GlobalSection(SolutionProperties) = preSolution
		HideSolutionNode = FALSE
	EndGlobalSection
	GlobalSection(ExtensibilityGlobals) = postSolution
		SolutionGuid = {F12DED87-D6C7-4ABA-BAD1-B8BF42165EED}
	EndGlobalSection
EndGlobal
